
Microsoft Visual Studio Solution File, Format Version 12.00
# Visual Studio Version 17
VisualStudioVersion = 17.14.36221.1
MinimumVisualStudioVersion = 10.0.40219.1
Project("{FAE04EC0-301F-11D3-BF4B-00C04F79EFBC}") = "Optilizer", "Optilizer\Optilizer\Optilizer.csproj", "{E3DD7171-4956-43C0-B7AF-8D02BC57EC8C}"
EndProject
Project("{FAE04EC0-301F-11D3-BF4B-00C04F79EFBC}") = "Optilizer.CodeFixes", "Optilizer\Optilizer.CodeFixes\Optilizer.CodeFixes.csproj", "{175CC15E-A9A7-4DDF-A45F-40E02F0046C6}"
EndProject
Project("{FAE04EC0-301F-11D3-BF4B-00C04F79EFBC}") = "Optilizer.Package", "Optilizer\Optilizer.Package\Optilizer.Package.csproj", "{E624FF2B-BD4A-4CF6-BE59-84D42CA23768}"
EndProject
Project("{FAE04EC0-301F-11D3-BF4B-00C04F79EFBC}") = "Optilizer.Test", "Optilizer\Optilizer.Test\Optilizer.Test.csproj", "{6A333CAE-FF14-4B44-9F59-4878E7FEA9DD}"
EndProject
Project("{FAE04EC0-301F-11D3-BF4B-00C04F79EFBC}") = "Optilizer.Vsix", "Optilizer\Optilizer.Vsix\Optilizer.Vsix.csproj", "{31152FD1-5AC8-4C5B-AC25-DA853816538F}"
EndProject
Global
	GlobalSection(SolutionConfigurationPlatforms) = preSolution
		Debug|Any CPU = Debug|Any CPU
		Release|Any CPU = Release|Any CPU
	EndGlobalSection
	GlobalSection(ProjectConfigurationPlatforms) = postSolution
		{E3DD7171-4956-43C0-B7AF-8D02BC57EC8C}.Debug|Any CPU.ActiveCfg = Debug|Any CPU
		{E3DD7171-4956-43C0-B7AF-8D02BC57EC8C}.Debug|Any CPU.Build.0 = Debug|Any CPU
		{E3DD7171-4956-43C0-B7AF-8D02BC57EC8C}.Release|Any CPU.ActiveCfg = Release|Any CPU
		{E3DD7171-4956-43C0-B7AF-8D02BC57EC8C}.Release|Any CPU.Build.0 = Release|Any CPU
		{175CC15E-A9A7-4DDF-A45F-40E02F0046C6}.Debug|Any CPU.ActiveCfg = Debug|Any CPU
		{175CC15E-A9A7-4DDF-A45F-40E02F0046C6}.Debug|Any CPU.Build.0 = Debug|Any CPU
		{175CC15E-A9A7-4DDF-A45F-40E02F0046C6}.Release|Any CPU.ActiveCfg = Release|Any CPU
		{175CC15E-A9A7-4DDF-A45F-40E02F0046C6}.Release|Any CPU.Build.0 = Release|Any CPU
		{E624FF2B-BD4A-4CF6-BE59-84D42CA23768}.Debug|Any CPU.ActiveCfg = Debug|Any CPU
		{E624FF2B-BD4A-4CF6-BE59-84D42CA23768}.Debug|Any CPU.Build.0 = Debug|Any CPU
		{E624FF2B-BD4A-4CF6-BE59-84D42CA23768}.Release|Any CPU.ActiveCfg = Release|Any CPU
		{E624FF2B-BD4A-4CF6-BE59-84D42CA23768}.Release|Any CPU.Build.0 = Release|Any CPU
		{6A333CAE-FF14-4B44-9F59-4878E7FEA9DD}.Debug|Any CPU.ActiveCfg = Debug|Any CPU
		{6A333CAE-FF14-4B44-9F59-4878E7FEA9DD}.Debug|Any CPU.Build.0 = Debug|Any CPU
		{6A333CAE-FF14-4B44-9F59-4878E7FEA9DD}.Release|Any CPU.ActiveCfg = Release|Any CPU
		{6A333CAE-FF14-4B44-9F59-4878E7FEA9DD}.Release|Any CPU.Build.0 = Release|Any CPU
		{31152FD1-5AC8-4C5B-AC25-DA853816538F}.Debug|Any CPU.ActiveCfg = Debug|Any CPU
		{31152FD1-5AC8-4C5B-AC25-DA853816538F}.Debug|Any CPU.Build.0 = Debug|Any CPU
		{31152FD1-5AC8-4C5B-AC25-DA853816538F}.Release|Any CPU.ActiveCfg = Release|Any CPU
		{31152FD1-5AC8-4C5B-AC25-DA853816538F}.Release|Any CPU.Build.0 = Release|Any CPU
	EndGlobalSection
	GlobalSection(SolutionProperties) = preSolution
		HideSolutionNode = FALSE
	EndGlobalSection
	GlobalSection(ExtensibilityGlobals) = postSolution
		SolutionGuid = {F1BA5FDE-51D1-4DEE-BB08-D7045995814E}
	EndGlobalSection
EndGlobal
